
Microsoft Visual Studio Solution File, Format Version 12.00
# Visual Studio Version 17
VisualStudioVersion = 17.0.31611.283
MinimumVisualStudioVersion = 10.0.40219.1
Project("{FAE04EC0-301F-11D3-BF4B-00C04F79EFBC}") = "cdc-utility", "cdc-proto\cdc-utility.csproj", "{C3B1186B-DA38-4878-A8BD-DDF5A4401FAC}"
EndProject
Project("{FAE04EC0-301F-11D3-BF4B-00C04F79EFBC}") = "cdc-lib", "cdc-lib\cdc-lib.csproj", "{B7E6DF81-4D93-4C8C-AB2E-7271D2DB7711}"
EndProject
Project("{FAE04EC0-301F-11D3-BF4B-00C04F79EFBC}") = "cdc-api", "cdc-api\cdc-api.csproj", "{A1B2C3D4-E5F6-7890-ABCD-EF1234567890}"
EndProject
Project("{FAE04EC0-301F-11D3-BF4B-00C04F79EFBC}") = "cdc-api.Tests", "cdc-api.Tests\cdc-api.Tests.csproj", "{B2C3D4E5-F6F7-8901-BCDE-F23456789012}"
EndProject
Project("{FAE04EC0-301F-11D3-BF4B-00C04F79EFBC}") = "cdc-models", "cdc-models\cdc-models.csproj", "{E630D03F-B560-4D28-9DF6-4CD4A250ACA1}"
EndProject
Project("{FAE04EC0-301F-11D3-BF4B-00C04F79EFBC}") = "cdc-cli", "cdc-cli\cdc-cli.csproj", "{A6EAEA17-4DB6-43C7-8007-344EA893287B}"
EndProject
Project("{FAE04EC0-301F-11D3-BF4B-00C04F79EFBC}") = "cdc-cli.Tests", "cdc-cli.Tests\cdc-cli.Tests.csproj", "{774B70F3-E3C6-4CF8-AC90-76BC5B95DF4F}"
EndProject
Global
	GlobalSection(SolutionConfigurationPlatforms) = preSolution
		Debug|Any CPU = Debug|Any CPU
		Debug|x64 = Debug|x64
		Debug|x86 = Debug|x86
		Release|Any CPU = Release|Any CPU
		Release|x64 = Release|x64
		Release|x86 = Release|x86
	EndGlobalSection
	GlobalSection(ProjectConfigurationPlatforms) = postSolution
		{C3B1186B-DA38-4878-A8BD-DDF5A4401FAC}.Debug|Any CPU.ActiveCfg = Debug|Any CPU
		{C3B1186B-DA38-4878-A8BD-DDF5A4401FAC}.Debug|Any CPU.Build.0 = Debug|Any CPU
		{C3B1186B-DA38-4878-A8BD-DDF5A4401FAC}.Debug|x64.ActiveCfg = Debug|Any CPU
		{C3B1186B-DA38-4878-A8BD-DDF5A4401FAC}.Debug|x64.Build.0 = Debug|Any CPU
		{C3B1186B-DA38-4878-A8BD-DDF5A4401FAC}.Debug|x86.ActiveCfg = Debug|Any CPU
		{C3B1186B-DA38-4878-A8BD-DDF5A4401FAC}.Debug|x86.Build.0 = Debug|Any CPU
		{C3B1186B-DA38-4878-A8BD-DDF5A4401FAC}.Release|Any CPU.ActiveCfg = Release|Any CPU
		{C3B1186B-DA38-4878-A8BD-DDF5A4401FAC}.Release|Any CPU.Build.0 = Release|Any CPU
		{C3B1186B-DA38-4878-A8BD-DDF5A4401FAC}.Release|x64.ActiveCfg = Release|Any CPU
		{C3B1186B-DA38-4878-A8BD-DDF5A4401FAC}.Release|x64.Build.0 = Release|Any CPU
		{C3B1186B-DA38-4878-A8BD-DDF5A4401FAC}.Release|x86.ActiveCfg = Release|Any CPU
		{C3B1186B-DA38-4878-A8BD-DDF5A4401FAC}.Release|x86.Build.0 = Release|Any CPU
		{B7E6DF81-4D93-4C8C-AB2E-7271D2DB7711}.Debug|Any CPU.ActiveCfg = Debug|Any CPU
		{B7E6DF81-4D93-4C8C-AB2E-7271D2DB7711}.Debug|Any CPU.Build.0 = Debug|Any CPU
		{B7E6DF81-4D93-4C8C-AB2E-7271D2DB7711}.Debug|x64.ActiveCfg = Debug|Any CPU
		{B7E6DF81-4D93-4C8C-AB2E-7271D2DB7711}.Debug|x64.Build.0 = Debug|Any CPU
		{B7E6DF81-4D93-4C8C-AB2E-7271D2DB7711}.Debug|x86.ActiveCfg = Debug|Any CPU
		{B7E6DF81-4D93-4C8C-AB2E-7271D2DB7711}.Debug|x86.Build.0 = Debug|Any CPU
		{B7E6DF81-4D93-4C8C-AB2E-7271D2DB7711}.Release|Any CPU.ActiveCfg = Release|Any CPU
		{B7E6DF81-4D93-4C8C-AB2E-7271D2DB7711}.Release|Any CPU.Build.0 = Release|Any CPU
		{B7E6DF81-4D93-4C8C-AB2E-7271D2DB7711}.Release|x64.ActiveCfg = Release|Any CPU
		{B7E6DF81-4D93-4C8C-AB2E-7271D2DB7711}.Release|x64.Build.0 = Release|Any CPU
		{B7E6DF81-4D93-4C8C-AB2E-7271D2DB7711}.Release|x86.ActiveCfg = Release|Any CPU
		{B7E6DF81-4D93-4C8C-AB2E-7271D2DB7711}.Release|x86.Build.0 = Release|Any CPU
		{A1B2C3D4-E5F6-7890-ABCD-EF1234567890}.Debug|Any CPU.ActiveCfg = Debug|Any CPU
		{A1B2C3D4-E5F6-7890-ABCD-EF1234567890}.Debug|Any CPU.Build.0 = Debug|Any CPU
		{A1B2C3D4-E5F6-7890-ABCD-EF1234567890}.Debug|x64.ActiveCfg = Debug|Any CPU
		{A1B2C3D4-E5F6-7890-ABCD-EF1234567890}.Debug|x64.Build.0 = Debug|Any CPU
		{A1B2C3D4-E5F6-7890-ABCD-EF1234567890}.Debug|x86.ActiveCfg = Debug|Any CPU
		{A1B2C3D4-E5F6-7890-ABCD-EF1234567890}.Debug|x86.Build.0 = Debug|Any CPU
		{A1B2C3D4-E5F6-7890-ABCD-EF1234567890}.Release|Any CPU.ActiveCfg = Release|Any CPU
		{A1B2C3D4-E5F6-7890-ABCD-EF1234567890}.Release|Any CPU.Build.0 = Release|Any CPU
		{A1B2C3D4-E5F6-7890-ABCD-EF1234567890}.Release|x64.ActiveCfg = Release|Any CPU
		{A1B2C3D4-E5F6-7890-ABCD-EF1234567890}.Release|x64.Build.0 = Release|Any CPU
		{A1B2C3D4-E5F6-7890-ABCD-EF1234567890}.Release|x86.ActiveCfg = Release|Any CPU
		{A1B2C3D4-E5F6-7890-ABCD-EF1234567890}.Release|x86.Build.0 = Release|Any CPU
		{B2C3D4E5-F6F7-8901-BCDE-F23456789012}.Debug|Any CPU.ActiveCfg = Debug|Any CPU
		{B2C3D4E5-F6F7-8901-BCDE-F23456789012}.Debug|Any CPU.Build.0 = Debug|Any CPU
		{B2C3D4E5-F6F7-8901-BCDE-F23456789012}.Debug|x64.ActiveCfg = Debug|Any CPU
		{B2C3D4E5-F6F7-8901-BCDE-F23456789012}.Debug|x64.Build.0 = Debug|Any CPU
		{B2C3D4E5-F6F7-8901-BCDE-F23456789012}.Debug|x86.ActiveCfg = Debug|Any CPU
		{B2C3D4E5-F6F7-8901-BCDE-F23456789012}.Debug|x86.Build.0 = Debug|Any CPU
		{B2C3D4E5-F6F7-8901-BCDE-F23456789012}.Release|Any CPU.ActiveCfg = Release|Any CPU
		{B2C3D4E5-F6F7-8901-BCDE-F23456789012}.Release|Any CPU.Build.0 = Release|Any CPU
		{B2C3D4E5-F6F7-8901-BCDE-F23456789012}.Release|x64.ActiveCfg = Release|Any CPU
		{B2C3D4E5-F6F7-8901-BCDE-F23456789012}.Release|x64.Build.0 = Release|Any CPU
		{B2C3D4E5-F6F7-8901-BCDE-F23456789012}.Release|x86.ActiveCfg = Release|Any CPU
		{B2C3D4E5-F6F7-8901-BCDE-F23456789012}.Release|x86.Build.0 = Release|Any CPU
		{E630D03F-B560-4D28-9DF6-4CD4A250ACA1}.Debug|Any CPU.ActiveCfg = Debug|Any CPU
		{E630D03F-B560-4D28-9DF6-4CD4A250ACA1}.Debug|Any CPU.Build.0 = Debug|Any CPU
		{E630D03F-B560-4D28-9DF6-4CD4A250ACA1}.Debug|x64.ActiveCfg = Debug|Any CPU
		{E630D03F-B560-4D28-9DF6-4CD4A250ACA1}.Debug|x64.Build.0 = Debug|Any CPU
		{E630D03F-B560-4D28-9DF6-4CD4A250ACA1}.Debug|x86.ActiveCfg = Debug|Any CPU
		{E630D03F-B560-4D28-9DF6-4CD4A250ACA1}.Debug|x86.Build.0 = Debug|Any CPU
		{E630D03F-B560-4D28-9DF6-4CD4A250ACA1}.Release|Any CPU.ActiveCfg = Release|Any CPU
		{E630D03F-B560-4D28-9DF6-4CD4A250ACA1}.Release|Any CPU.Build.0 = Release|Any CPU
		{E630D03F-B560-4D28-9DF6-4CD4A250ACA1}.Release|x64.ActiveCfg = Release|Any CPU
		{E630D03F-B560-4D28-9DF6-4CD4A250ACA1}.Release|x64.Build.0 = Release|Any CPU
		{E630D03F-B560-4D28-9DF6-4CD4A250ACA1}.Release|x86.ActiveCfg = Release|Any CPU
		{E630D03F-B560-4D28-9DF6-4CD4A250ACA1}.Release|x86.Build.0 = Release|Any CPU
		{A6EAEA17-4DB6-43C7-8007-344EA893287B}.Debug|Any CPU.ActiveCfg = Debug|Any CPU
		{A6EAEA17-4DB6-43C7-8007-344EA893287B}.Debug|Any CPU.Build.0 = Debug|Any CPU
		{A6EAEA17-4DB6-43C7-8007-344EA893287B}.Debug|x64.ActiveCfg = Debug|Any CPU
		{A6EAEA17-4DB6-43C7-8007-344EA893287B}.Debug|x64.Build.0 = Debug|Any CPU
		{A6EAEA17-4DB6-43C7-8007-344EA893287B}.Debug|x86.ActiveCfg = Debug|Any CPU
		{A6EAEA17-4DB6-43C7-8007-344EA893287B}.Debug|x86.Build.0 = Debug|Any CPU
		{A6EAEA17-4DB6-43C7-8007-344EA893287B}.Release|Any CPU.ActiveCfg = Release|Any CPU
		{A6EAEA17-4DB6-43C7-8007-344EA893287B}.Release|Any CPU.Build.0 = Release|Any CPU
		{A6EAEA17-4DB6-43C7-8007-344EA893287B}.Release|x64.ActiveCfg = Release|Any CPU
		{A6EAEA17-4DB6-43C7-8007-344EA893287B}.Release|x64.Build.0 = Release|Any CPU
		{A6EAEA17-4DB6-43C7-8007-344EA893287B}.Release|x86.ActiveCfg = Release|Any CPU
		{A6EAEA17-4DB6-43C7-8007-344EA893287B}.Release|x86.Build.0 = Release|Any CPU
		{774B70F3-E3C6-4CF8-AC90-76BC5B95DF4F}.Debug|Any CPU.ActiveCfg = Debug|Any CPU
		{774B70F3-E3C6-4CF8-AC90-76BC5B95DF4F}.Debug|Any CPU.Build.0 = Debug|Any CPU
		{774B70F3-E3C6-4CF8-AC90-76BC5B95DF4F}.Debug|x64.ActiveCfg = Debug|Any CPU
		{774B70F3-E3C6-4CF8-AC90-76BC5B95DF4F}.Debug|x64.Build.0 = Debug|Any CPU
		{774B70F3-E3C6-4CF8-AC90-76BC5B95DF4F}.Debug|x86.ActiveCfg = Debug|Any CPU
		{774B70F3-E3C6-4CF8-AC90-76BC5B95DF4F}.Debug|x86.Build.0 = Debug|Any CPU
		{774B70F3-E3C6-4CF8-AC90-76BC5B95DF4F}.Release|Any CPU.ActiveCfg = Release|Any CPU
		{774B70F3-E3C6-4CF8-AC90-76BC5B95DF4F}.Release|Any CPU.Build.0 = Release|Any CPU
		{774B70F3-E3C6-4CF8-AC90-76BC5B95DF4F}.Release|x64.ActiveCfg = Release|Any CPU
		{774B70F3-E3C6-4CF8-AC90-76BC5B95DF4F}.Release|x64.Build.0 = Release|Any CPU
		{774B70F3-E3C6-4CF8-AC90-76BC5B95DF4F}.Release|x86.ActiveCfg = Release|Any CPU
		{774B70F3-E3C6-4CF8-AC90-76BC5B95DF4F}.Release|x86.Build.0 = Release|Any CPU
	EndGlobalSection
	GlobalSection(SolutionProperties) = preSolution
		HideSolutionNode = FALSE
	EndGlobalSection
	GlobalSection(ExtensibilityGlobals) = postSolution
		SolutionGuid = {61F7FB11-1E47-470C-91E2-47F8143E1572}
	EndGlobalSection
EndGlobal
